// !$*UTF8*$!
{
	archiveVersion = 1;
	classes = {
	};
	objectVersion = 56;
	objects = {

/* Begin PBXBuildFile section */
		DE3723722908CBB000098DE3 /* SubscribeViewController.swift in Sources */ = {isa = PBXBuildFile; fileRef = DE3723712908CBB000098DE3 /* SubscribeViewController.swift */; };
		DE8267B2290A07AC00E53F72 /* ValidationViewController.swift in Sources */ = {isa = PBXBuildFile; fileRef = DE8267B1290A07AC00E53F72 /* ValidationViewController.swift */; };
		DE8267B4290A22BF00E53F72 /* ValidationViewModel.swift in Sources */ = {isa = PBXBuildFile; fileRef = DE8267B3290A22BF00E53F72 /* ValidationViewModel.swift */; };
		DE9178A32900CF83006CC5AE /* CObservable.swift in Sources */ = {isa = PBXBuildFile; fileRef = DE9178A22900CF83006CC5AE /* CObservable.swift */; };
		DE9178A52900D13A006CC5AE /* NewsViewController.swift in Sources */ = {isa = PBXBuildFile; fileRef = DE9178A42900D13A006CC5AE /* NewsViewController.swift */; };
		DE9178A72900D249006CC5AE /* NewsViewModel.swift in Sources */ = {isa = PBXBuildFile; fileRef = DE9178A62900D249006CC5AE /* NewsViewModel.swift */; };
		DE9178A92900D783006CC5AE /* News.swift in Sources */ = {isa = PBXBuildFile; fileRef = DE9178A82900D783006CC5AE /* News.swift */; };
		DE9178AB2900ED69006CC5AE /* DiffableViewModel.swift in Sources */ = {isa = PBXBuildFile; fileRef = DE9178AA2900ED69006CC5AE /* DiffableViewModel.swift */; };
		DE9178AD2900EDEB006CC5AE /* APIService.swift in Sources */ = {isa = PBXBuildFile; fileRef = DE9178AC2900EDEB006CC5AE /* APIService.swift */; };
		DE9178AF2900EE37006CC5AE /* APIKey.swift in Sources */ = {isa = PBXBuildFile; fileRef = DE9178AE2900EE37006CC5AE /* APIKey.swift */; };
		DE9178B12900EF74006CC5AE /* SearchPhoto.swift in Sources */ = {isa = PBXBuildFile; fileRef = DE9178B02900EF74006CC5AE /* SearchPhoto.swift */; };
		DE9178B42900F102006CC5AE /* Alamofire in Frameworks */ = {isa = PBXBuildFile; productRef = DE9178B32900F102006CC5AE /* Alamofire */; };
		DE9178B72900F111006CC5AE /* Kingfisher in Frameworks */ = {isa = PBXBuildFile; productRef = DE9178B62900F111006CC5AE /* Kingfisher */; };
		DE93014528FF7E9000BDC50A /* AppDelegate.swift in Sources */ = {isa = PBXBuildFile; fileRef = DE93014428FF7E9000BDC50A /* AppDelegate.swift */; };
		DE93014728FF7E9000BDC50A /* SceneDelegate.swift in Sources */ = {isa = PBXBuildFile; fileRef = DE93014628FF7E9000BDC50A /* SceneDelegate.swift */; };
		DE93014928FF7E9000BDC50A /* ViewController.swift in Sources */ = {isa = PBXBuildFile; fileRef = DE93014828FF7E9000BDC50A /* ViewController.swift */; };
		DE93014C28FF7E9000BDC50A /* Main.storyboard in Resources */ = {isa = PBXBuildFile; fileRef = DE93014A28FF7E9000BDC50A /* Main.storyboard */; };
		DE93014E28FF7E9200BDC50A /* Assets.xcassets in Resources */ = {isa = PBXBuildFile; fileRef = DE93014D28FF7E9200BDC50A /* Assets.xcassets */; };
		DE93015128FF7E9200BDC50A /* LaunchScreen.storyboard in Resources */ = {isa = PBXBuildFile; fileRef = DE93014F28FF7E9200BDC50A /* LaunchScreen.storyboard */; };
		DE93015928FF7EAE00BDC50A /* SimpleCollectionViewController.swift in Sources */ = {isa = PBXBuildFile; fileRef = DE93015828FF7EAE00BDC50A /* SimpleCollectionViewController.swift */; };
		DE93015B28FF7F3700BDC50A /* SimpleTableViewController.swift in Sources */ = {isa = PBXBuildFile; fileRef = DE93015A28FF7F3700BDC50A /* SimpleTableViewController.swift */; };
		DE93015D28FF906800BDC50A /* DiffableCollectionViewController.swift in Sources */ = {isa = PBXBuildFile; fileRef = DE93015C28FF906800BDC50A /* DiffableCollectionViewController.swift */; };
		DEA2BCFB29067F5A00C02179 /* RxCocoa in Frameworks */ = {isa = PBXBuildFile; productRef = DEA2BCFA29067F5A00C02179 /* RxCocoa */; };
		DEA2BCFD29067F5A00C02179 /* RxSwift in Frameworks */ = {isa = PBXBuildFile; productRef = DEA2BCFC29067F5A00C02179 /* RxSwift */; };
		DEB604CA29077A67006573F4 /* SubjectViewController.swift in Sources */ = {isa = PBXBuildFile; fileRef = DEB604C929077A67006573F4 /* SubjectViewController.swift */; };
		DEB604CC290788B2006573F4 /* SubjectViewModel.swift in Sources */ = {isa = PBXBuildFile; fileRef = DEB604CB290788B2006573F4 /* SubjectViewModel.swift */; };
		DEEA14A9290625B10082BD7C /* RxCocoaExampleViewController.swift in Sources */ = {isa = PBXBuildFile; fileRef = DEEA14A8290625B10082BD7C /* RxCocoaExampleViewController.swift */; };
/* End PBXBuildFile section */

/* Begin PBXFileReference section */
		DE3723712908CBB000098DE3 /* SubscribeViewController.swift */ = {isa = PBXFileReference; lastKnownFileType = sourcecode.swift; path = SubscribeViewController.swift; sourceTree = "<group>"; };
		DE8267B1290A07AC00E53F72 /* ValidationViewController.swift */ = {isa = PBXFileReference; lastKnownFileType = sourcecode.swift; path = ValidationViewController.swift; sourceTree = "<group>"; };
		DE8267B3290A22BF00E53F72 /* ValidationViewModel.swift */ = {isa = PBXFileReference; lastKnownFileType = sourcecode.swift; path = ValidationViewModel.swift; sourceTree = "<group>"; };
		DE9178A22900CF83006CC5AE /* CObservable.swift */ = {isa = PBXFileReference; lastKnownFileType = sourcecode.swift; path = CObservable.swift; sourceTree = "<group>"; };
		DE9178A42900D13A006CC5AE /* NewsViewController.swift */ = {isa = PBXFileReference; lastKnownFileType = sourcecode.swift; path = NewsViewController.swift; sourceTree = "<group>"; };
		DE9178A62900D249006CC5AE /* NewsViewModel.swift */ = {isa = PBXFileReference; lastKnownFileType = sourcecode.swift; path = NewsViewModel.swift; sourceTree = "<group>"; };
		DE9178A82900D783006CC5AE /* News.swift */ = {isa = PBXFileReference; lastKnownFileType = sourcecode.swift; path = News.swift; sourceTree = "<group>"; };
		DE9178AA2900ED69006CC5AE /* DiffableViewModel.swift */ = {isa = PBXFileReference; lastKnownFileType = sourcecode.swift; path = DiffableViewModel.swift; sourceTree = "<group>"; };
		DE9178AC2900EDEB006CC5AE /* APIService.swift */ = {isa = PBXFileReference; lastKnownFileType = sourcecode.swift; path = APIService.swift; sourceTree = "<group>"; };
		DE9178AE2900EE37006CC5AE /* APIKey.swift */ = {isa = PBXFileReference; lastKnownFileType = sourcecode.swift; path = APIKey.swift; sourceTree = "<group>"; };
		DE9178B02900EF74006CC5AE /* SearchPhoto.swift */ = {isa = PBXFileReference; lastKnownFileType = sourcecode.swift; path = SearchPhoto.swift; sourceTree = "<group>"; };
		DE93014128FF7E9000BDC50A /* SeSACWeek1617.app */ = {isa = PBXFileReference; explicitFileType = wrapper.application; includeInIndex = 0; path = SeSACWeek1617.app; sourceTree = BUILT_PRODUCTS_DIR; };
		DE93014428FF7E9000BDC50A /* AppDelegate.swift */ = {isa = PBXFileReference; lastKnownFileType = sourcecode.swift; path = AppDelegate.swift; sourceTree = "<group>"; };
		DE93014628FF7E9000BDC50A /* SceneDelegate.swift */ = {isa = PBXFileReference; lastKnownFileType = sourcecode.swift; path = SceneDelegate.swift; sourceTree = "<group>"; };
		DE93014828FF7E9000BDC50A /* ViewController.swift */ = {isa = PBXFileReference; lastKnownFileType = sourcecode.swift; path = ViewController.swift; sourceTree = "<group>"; };
		DE93014B28FF7E9000BDC50A /* Base */ = {isa = PBXFileReference; lastKnownFileType = file.storyboard; name = Base; path = Base.lproj/Main.storyboard; sourceTree = "<group>"; };
		DE93014D28FF7E9200BDC50A /* Assets.xcassets */ = {isa = PBXFileReference; lastKnownFileType = folder.assetcatalog; path = Assets.xcassets; sourceTree = "<group>"; };
		DE93015028FF7E9200BDC50A /* Base */ = {isa = PBXFileReference; lastKnownFileType = file.storyboard; name = Base; path = Base.lproj/LaunchScreen.storyboard; sourceTree = "<group>"; };
		DE93015228FF7E9200BDC50A /* Info.plist */ = {isa = PBXFileReference; lastKnownFileType = text.plist.xml; path = Info.plist; sourceTree = "<group>"; };
		DE93015828FF7EAE00BDC50A /* SimpleCollectionViewController.swift */ = {isa = PBXFileReference; lastKnownFileType = sourcecode.swift; path = SimpleCollectionViewController.swift; sourceTree = "<group>"; };
		DE93015A28FF7F3700BDC50A /* SimpleTableViewController.swift */ = {isa = PBXFileReference; lastKnownFileType = sourcecode.swift; path = SimpleTableViewController.swift; sourceTree = "<group>"; };
		DE93015C28FF906800BDC50A /* DiffableCollectionViewController.swift */ = {isa = PBXFileReference; lastKnownFileType = sourcecode.swift; path = DiffableCollectionViewController.swift; sourceTree = "<group>"; };
		DEB604C929077A67006573F4 /* SubjectViewController.swift */ = {isa = PBXFileReference; lastKnownFileType = sourcecode.swift; path = SubjectViewController.swift; sourceTree = "<group>"; };
		DEB604CB290788B2006573F4 /* SubjectViewModel.swift */ = {isa = PBXFileReference; lastKnownFileType = sourcecode.swift; path = SubjectViewModel.swift; sourceTree = "<group>"; };
		DEEA14A8290625B10082BD7C /* RxCocoaExampleViewController.swift */ = {isa = PBXFileReference; lastKnownFileType = sourcecode.swift; path = RxCocoaExampleViewController.swift; sourceTree = "<group>"; };
/* End PBXFileReference section */

/* Begin PBXFrameworksBuildPhase section */
		DE93013E28FF7E9000BDC50A /* Frameworks */ = {
			isa = PBXFrameworksBuildPhase;
			buildActionMask = 2147483647;
			files = (
				DEA2BCFB29067F5A00C02179 /* RxCocoa in Frameworks */,
				DE9178B72900F111006CC5AE /* Kingfisher in Frameworks */,
				DEA2BCFD29067F5A00C02179 /* RxSwift in Frameworks */,
				DE9178B42900F102006CC5AE /* Alamofire in Frameworks */,
			);
			runOnlyForDeploymentPostprocessing = 0;
		};
/* End PBXFrameworksBuildPhase section */

/* Begin PBXGroup section */
		DE3723732908FFCF00098DE3 /* API */ = {
			isa = PBXGroup;
			children = (
				DE9178AC2900EDEB006CC5AE /* APIService.swift */,
				DE9178AE2900EE37006CC5AE /* APIKey.swift */,
			);
			path = API;
			sourceTree = "<group>";
		};
		DE3723742908FFDC00098DE3 /* Unsplash */ = {
			isa = PBXGroup;
			children = (
				DE93015C28FF906800BDC50A /* DiffableCollectionViewController.swift */,
				DE9178AA2900ED69006CC5AE /* DiffableViewModel.swift */,
				DE9178B02900EF74006CC5AE /* SearchPhoto.swift */,
			);
			path = Unsplash;
			sourceTree = "<group>";
		};
		DE9178A12900CD7C006CC5AE /* MVVMSample */ = {
			isa = PBXGroup;
			children = (
				DE9178A82900D783006CC5AE /* News.swift */,
				DE9178A22900CF83006CC5AE /* CObservable.swift */,
				DE9178A42900D13A006CC5AE /* NewsViewController.swift */,
				DE9178A62900D249006CC5AE /* NewsViewModel.swift */,
			);
			path = MVVMSample;
			sourceTree = "<group>";
		};
		DE93013828FF7E9000BDC50A = {
			isa = PBXGroup;
			children = (
				DE93014328FF7E9000BDC50A /* SeSACWeek1617 */,
				DE93014228FF7E9000BDC50A /* Products */,
			);
			sourceTree = "<group>";
		};
		DE93014228FF7E9000BDC50A /* Products */ = {
			isa = PBXGroup;
			children = (
				DE93014128FF7E9000BDC50A /* SeSACWeek1617.app */,
			);
			name = Products;
			sourceTree = "<group>";
		};
		DE93014328FF7E9000BDC50A /* SeSACWeek1617 */ = {
			isa = PBXGroup;
			children = (
				DEEA14A72906259A0082BD7C /* Rx */,
				DE9178A12900CD7C006CC5AE /* MVVMSample */,
				DE93014428FF7E9000BDC50A /* AppDelegate.swift */,
				DE93014628FF7E9000BDC50A /* SceneDelegate.swift */,
				DE93014828FF7E9000BDC50A /* ViewController.swift */,
				DE93015828FF7EAE00BDC50A /* SimpleCollectionViewController.swift */,
				DE93015A28FF7F3700BDC50A /* SimpleTableViewController.swift */,
				DE93014A28FF7E9000BDC50A /* Main.storyboard */,
				DE3723712908CBB000098DE3 /* SubscribeViewController.swift */,
				DE3723742908FFDC00098DE3 /* Unsplash */,
				DE3723732908FFCF00098DE3 /* API */,
				DE93014D28FF7E9200BDC50A /* Assets.xcassets */,
				DE93014F28FF7E9200BDC50A /* LaunchScreen.storyboard */,
				DE93015228FF7E9200BDC50A /* Info.plist */,
			);
			path = SeSACWeek1617;
			sourceTree = "<group>";
		};
		DEEA14A72906259A0082BD7C /* Rx */ = {
			isa = PBXGroup;
			children = (
				DEEA14A8290625B10082BD7C /* RxCocoaExampleViewController.swift */,
				DEB604C929077A67006573F4 /* SubjectViewController.swift */,
				DEB604CB290788B2006573F4 /* SubjectViewModel.swift */,
				DE8267B1290A07AC00E53F72 /* ValidationViewController.swift */,
				DE8267B3290A22BF00E53F72 /* ValidationViewModel.swift */,
			);
			path = Rx;
			sourceTree = "<group>";
		};
/* End PBXGroup section */

/* Begin PBXNativeTarget section */
		DE93014028FF7E9000BDC50A /* SeSACWeek1617 */ = {
			isa = PBXNativeTarget;
			buildConfigurationList = DE93015528FF7E9200BDC50A /* Build configuration list for PBXNativeTarget "SeSACWeek1617" */;
			buildPhases = (
				DE93013D28FF7E9000BDC50A /* Sources */,
				DE93013E28FF7E9000BDC50A /* Frameworks */,
				DE93013F28FF7E9000BDC50A /* Resources */,
			);
			buildRules = (
			);
			dependencies = (
			);
			name = SeSACWeek1617;
			packageProductDependencies = (
				DE9178B32900F102006CC5AE /* Alamofire */,
				DE9178B62900F111006CC5AE /* Kingfisher */,
				DEA2BCFA29067F5A00C02179 /* RxCocoa */,
				DEA2BCFC29067F5A00C02179 /* RxSwift */,
			);
			productName = SeSACWeek1617;
			productReference = DE93014128FF7E9000BDC50A /* SeSACWeek1617.app */;
			productType = "com.apple.product-type.application";
		};
/* End PBXNativeTarget section */

/* Begin PBXProject section */
		DE93013928FF7E9000BDC50A /* Project object */ = {
			isa = PBXProject;
			attributes = {
				BuildIndependentTargetsInParallel = 1;
				LastSwiftUpdateCheck = 1400;
				LastUpgradeCheck = 1400;
				TargetAttributes = {
					DE93014028FF7E9000BDC50A = {
						CreatedOnToolsVersion = 14.0.1;
					};
				};
			};
			buildConfigurationList = DE93013C28FF7E9000BDC50A /* Build configuration list for PBXProject "SeSACWeek1617" */;
			compatibilityVersion = "Xcode 14.0";
			developmentRegion = en;
			hasScannedForEncodings = 0;
			knownRegions = (
				en,
				Base,
			);
			mainGroup = DE93013828FF7E9000BDC50A;
			packageReferences = (
				DE9178B22900F102006CC5AE /* XCRemoteSwiftPackageReference "Alamofire" */,
				DE9178B52900F111006CC5AE /* XCRemoteSwiftPackageReference "Kingfisher" */,
				DEA2BCF929067F5A00C02179 /* XCRemoteSwiftPackageReference "RxSwift" */,
			);
			productRefGroup = DE93014228FF7E9000BDC50A /* Products */;
			projectDirPath = "";
			projectRoot = "";
			targets = (
				DE93014028FF7E9000BDC50A /* SeSACWeek1617 */,
			);
		};
/* End PBXProject section */

/* Begin PBXResourcesBuildPhase section */
		DE93013F28FF7E9000BDC50A /* Resources */ = {
			isa = PBXResourcesBuildPhase;
			buildActionMask = 2147483647;
			files = (
				DE93015128FF7E9200BDC50A /* LaunchScreen.storyboard in Resources */,
				DE93014E28FF7E9200BDC50A /* Assets.xcassets in Resources */,
				DE93014C28FF7E9000BDC50A /* Main.storyboard in Resources */,
			);
			runOnlyForDeploymentPostprocessing = 0;
		};
/* End PBXResourcesBuildPhase section */

/* Begin PBXSourcesBuildPhase section */
		DE93013D28FF7E9000BDC50A /* Sources */ = {
			isa = PBXSourcesBuildPhase;
			buildActionMask = 2147483647;
			files = (
				DE93015928FF7EAE00BDC50A /* SimpleCollectionViewController.swift in Sources */,
				DE9178A72900D249006CC5AE /* NewsViewModel.swift in Sources */,
				DE9178AB2900ED69006CC5AE /* DiffableViewModel.swift in Sources */,
				DE8267B4290A22BF00E53F72 /* ValidationViewModel.swift in Sources */,
				DE9178A32900CF83006CC5AE /* CObservable.swift in Sources */,
				DE93014928FF7E9000BDC50A /* ViewController.swift in Sources */,
				DEB604CA29077A67006573F4 /* SubjectViewController.swift in Sources */,
				DE93015B28FF7F3700BDC50A /* SimpleTableViewController.swift in Sources */,
				DE9178B12900EF74006CC5AE /* SearchPhoto.swift in Sources */,
				DE93015D28FF906800BDC50A /* DiffableCollectionViewController.swift in Sources */,
				DE3723722908CBB000098DE3 /* SubscribeViewController.swift in Sources */,
				DE8267B2290A07AC00E53F72 /* ValidationViewController.swift in Sources */,
				DE93014528FF7E9000BDC50A /* AppDelegate.swift in Sources */,
				DE93014728FF7E9000BDC50A /* SceneDelegate.swift in Sources */,
				DEEA14A9290625B10082BD7C /* RxCocoaExampleViewController.swift in Sources */,
				DE9178A92900D783006CC5AE /* News.swift in Sources */,
				DE9178AD2900EDEB006CC5AE /* APIService.swift in Sources */,
				DEB604CC290788B2006573F4 /* SubjectViewModel.swift in Sources */,
				DE9178AF2900EE37006CC5AE /* APIKey.swift in Sources */,
				DE9178A52900D13A006CC5AE /* NewsViewController.swift in Sources */,
			);
			runOnlyForDeploymentPostprocessing = 0;
		};
/* End PBXSourcesBuildPhase section */

/* Begin PBXVariantGroup section */
		DE93014A28FF7E9000BDC50A /* Main.storyboard */ = {
			isa = PBXVariantGroup;
			children = (
				DE93014B28FF7E9000BDC50A /* Base */,
			);
			name = Main.storyboard;
			sourceTree = "<group>";
		};
		DE93014F28FF7E9200BDC50A /* LaunchScreen.storyboard */ = {
			isa = PBXVariantGroup;
			children = (
				DE93015028FF7E9200BDC50A /* Base */,
			);
			name = LaunchScreen.storyboard;
			sourceTree = "<group>";
		};
/* End PBXVariantGroup section */

/* Begin XCBuildConfiguration section */
		DE93015328FF7E9200BDC50A /* Debug */ = {
			isa = XCBuildConfiguration;
			buildSettings = {
				ALWAYS_SEARCH_USER_PATHS = NO;
				CLANG_ANALYZER_NONNULL = YES;
				CLANG_ANALYZER_NUMBER_OBJECT_CONVERSION = YES_AGGRESSIVE;
				CLANG_CXX_LANGUAGE_STANDARD = "gnu++20";
				CLANG_ENABLE_MODULES = YES;
				CLANG_ENABLE_OBJC_ARC = YES;
				CLANG_ENABLE_OBJC_WEAK = YES;
				CLANG_WARN_BLOCK_CAPTURE_AUTORELEASING = YES;
				CLANG_WARN_BOOL_CONVERSION = YES;
				CLANG_WARN_COMMA = YES;
				CLANG_WARN_CONSTANT_CONVERSION = YES;
				CLANG_WARN_DEPRECATED_OBJC_IMPLEMENTATIONS = YES;
				CLANG_WARN_DIRECT_OBJC_ISA_USAGE = YES_ERROR;
				CLANG_WARN_DOCUMENTATION_COMMENTS = YES;
				CLANG_WARN_EMPTY_BODY = YES;
				CLANG_WARN_ENUM_CONVERSION = YES;
				CLANG_WARN_INFINITE_RECURSION = YES;
				CLANG_WARN_INT_CONVERSION = YES;
				CLANG_WARN_NON_LITERAL_NULL_CONVERSION = YES;
				CLANG_WARN_OBJC_IMPLICIT_RETAIN_SELF = YES;
				CLANG_WARN_OBJC_LITERAL_CONVERSION = YES;
				CLANG_WARN_OBJC_ROOT_CLASS = YES_ERROR;
				CLANG_WARN_QUOTED_INCLUDE_IN_FRAMEWORK_HEADER = YES;
				CLANG_WARN_RANGE_LOOP_ANALYSIS = YES;
				CLANG_WARN_STRICT_PROTOTYPES = YES;
				CLANG_WARN_SUSPICIOUS_MOVE = YES;
				CLANG_WARN_UNGUARDED_AVAILABILITY = YES_AGGRESSIVE;
				CLANG_WARN_UNREACHABLE_CODE = YES;
				CLANG_WARN__DUPLICATE_METHOD_MATCH = YES;
				COPY_PHASE_STRIP = NO;
				DEBUG_INFORMATION_FORMAT = dwarf;
				ENABLE_STRICT_OBJC_MSGSEND = YES;
				ENABLE_TESTABILITY = YES;
				GCC_C_LANGUAGE_STANDARD = gnu11;
				GCC_DYNAMIC_NO_PIC = NO;
				GCC_NO_COMMON_BLOCKS = YES;
				GCC_OPTIMIZATION_LEVEL = 0;
				GCC_PREPROCESSOR_DEFINITIONS = (
					"DEBUG=1",
					"$(inherited)",
				);
				GCC_WARN_64_TO_32_BIT_CONVERSION = YES;
				GCC_WARN_ABOUT_RETURN_TYPE = YES_ERROR;
				GCC_WARN_UNDECLARED_SELECTOR = YES;
				GCC_WARN_UNINITIALIZED_AUTOS = YES_AGGRESSIVE;
				GCC_WARN_UNUSED_FUNCTION = YES;
				GCC_WARN_UNUSED_VARIABLE = YES;
				IPHONEOS_DEPLOYMENT_TARGET = 16.0;
				MTL_ENABLE_DEBUG_INFO = INCLUDE_SOURCE;
				MTL_FAST_MATH = YES;
				ONLY_ACTIVE_ARCH = YES;
				SDKROOT = iphoneos;
				SWIFT_ACTIVE_COMPILATION_CONDITIONS = DEBUG;
				SWIFT_OPTIMIZATION_LEVEL = "-Onone";
			};
			name = Debug;
		};
		DE93015428FF7E9200BDC50A /* Release */ = {
			isa = XCBuildConfiguration;
			buildSettings = {
				ALWAYS_SEARCH_USER_PATHS = NO;
				CLANG_ANALYZER_NONNULL = YES;
				CLANG_ANALYZER_NUMBER_OBJECT_CONVERSION = YES_AGGRESSIVE;
				CLANG_CXX_LANGUAGE_STANDARD = "gnu++20";
				CLANG_ENABLE_MODULES = YES;
				CLANG_ENABLE_OBJC_ARC = YES;
				CLANG_ENABLE_OBJC_WEAK = YES;
				CLANG_WARN_BLOCK_CAPTURE_AUTORELEASING = YES;
				CLANG_WARN_BOOL_CONVERSION = YES;
				CLANG_WARN_COMMA = YES;
				CLANG_WARN_CONSTANT_CONVERSION = YES;
				CLANG_WARN_DEPRECATED_OBJC_IMPLEMENTATIONS = YES;
				CLANG_WARN_DIRECT_OBJC_ISA_USAGE = YES_ERROR;
				CLANG_WARN_DOCUMENTATION_COMMENTS = YES;
				CLANG_WARN_EMPTY_BODY = YES;
				CLANG_WARN_ENUM_CONVERSION = YES;
				CLANG_WARN_INFINITE_RECURSION = YES;
				CLANG_WARN_INT_CONVERSION = YES;
				CLANG_WARN_NON_LITERAL_NULL_CONVERSION = YES;
				CLANG_WARN_OBJC_IMPLICIT_RETAIN_SELF = YES;
				CLANG_WARN_OBJC_LITERAL_CONVERSION = YES;
				CLANG_WARN_OBJC_ROOT_CLASS = YES_ERROR;
				CLANG_WARN_QUOTED_INCLUDE_IN_FRAMEWORK_HEADER = YES;
				CLANG_WARN_RANGE_LOOP_ANALYSIS = YES;
				CLANG_WARN_STRICT_PROTOTYPES = YES;
				CLANG_WARN_SUSPICIOUS_MOVE = YES;
				CLANG_WARN_UNGUARDED_AVAILABILITY = YES_AGGRESSIVE;
				CLANG_WARN_UNREACHABLE_CODE = YES;
				CLANG_WARN__DUPLICATE_METHOD_MATCH = YES;
				COPY_PHASE_STRIP = NO;
				DEBUG_INFORMATION_FORMAT = "dwarf-with-dsym";
				ENABLE_NS_ASSERTIONS = NO;
				ENABLE_STRICT_OBJC_MSGSEND = YES;
				GCC_C_LANGUAGE_STANDARD = gnu11;
				GCC_NO_COMMON_BLOCKS = YES;
				GCC_WARN_64_TO_32_BIT_CONVERSION = YES;
				GCC_WARN_ABOUT_RETURN_TYPE = YES_ERROR;
				GCC_WARN_UNDECLARED_SELECTOR = YES;
				GCC_WARN_UNINITIALIZED_AUTOS = YES_AGGRESSIVE;
				GCC_WARN_UNUSED_FUNCTION = YES;
				GCC_WARN_UNUSED_VARIABLE = YES;
				IPHONEOS_DEPLOYMENT_TARGET = 16.0;
				MTL_ENABLE_DEBUG_INFO = NO;
				MTL_FAST_MATH = YES;
				SDKROOT = iphoneos;
				SWIFT_COMPILATION_MODE = wholemodule;
				SWIFT_OPTIMIZATION_LEVEL = "-O";
				VALIDATE_PRODUCT = YES;
			};
			name = Release;
		};
		DE93015628FF7E9200BDC50A /* Debug */ = {
			isa = XCBuildConfiguration;
			buildSettings = {
				ASSETCATALOG_COMPILER_APPICON_NAME = AppIcon;
				ASSETCATALOG_COMPILER_GLOBAL_ACCENT_COLOR_NAME = AccentColor;
				CODE_SIGN_STYLE = Automatic;
				CURRENT_PROJECT_VERSION = 1;
				DEVELOPMENT_TEAM = DV7XBU83N5;
				GENERATE_INFOPLIST_FILE = YES;
				INFOPLIST_FILE = SeSACWeek1617/Info.plist;
				INFOPLIST_KEY_UIApplicationSupportsIndirectInputEvents = YES;
				INFOPLIST_KEY_UILaunchStoryboardName = LaunchScreen;
				INFOPLIST_KEY_UIMainStoryboardFile = Main;
				INFOPLIST_KEY_UISupportedInterfaceOrientations_iPad = "UIInterfaceOrientationPortrait UIInterfaceOrientationPortraitUpsideDown UIInterfaceOrientationLandscapeLeft UIInterfaceOrientationLandscapeRight";
				INFOPLIST_KEY_UISupportedInterfaceOrientations_iPhone = "UIInterfaceOrientationPortrait UIInterfaceOrientationLandscapeLeft UIInterfaceOrientationLandscapeRight";
				LD_RUNPATH_SEARCH_PATHS = (
					"$(inherited)",
					"@executable_path/Frameworks",
				);
				MARKETING_VERSION = 1.0;
				PRODUCT_BUNDLE_IDENTIFIER = com.sesac.SeSACWeek1617;
				PRODUCT_NAME = "$(TARGET_NAME)";
				SWIFT_EMIT_LOC_STRINGS = YES;
				SWIFT_VERSION = 5.0;
				TARGETED_DEVICE_FAMILY = "1,2";
			};
			name = Debug;
		};
		DE93015728FF7E9200BDC50A /* Release */ = {
			isa = XCBuildConfiguration;
			buildSettings = {
				ASSETCATALOG_COMPILER_APPICON_NAME = AppIcon;
				ASSETCATALOG_COMPILER_GLOBAL_ACCENT_COLOR_NAME = AccentColor;
				CODE_SIGN_STYLE = Automatic;
				CURRENT_PROJECT_VERSION = 1;
				DEVELOPMENT_TEAM = DV7XBU83N5;
				GENERATE_INFOPLIST_FILE = YES;
				INFOPLIST_FILE = SeSACWeek1617/Info.plist;
				INFOPLIST_KEY_UIApplicationSupportsIndirectInputEvents = YES;
				INFOPLIST_KEY_UILaunchStoryboardName = LaunchScreen;
				INFOPLIST_KEY_UIMainStoryboardFile = Main;
				INFOPLIST_KEY_UISupportedInterfaceOrientations_iPad = "UIInterfaceOrientationPortrait UIInterfaceOrientationPortraitUpsideDown UIInterfaceOrientationLandscapeLeft UIInterfaceOrientationLandscapeRight";
				INFOPLIST_KEY_UISupportedInterfaceOrientations_iPhone = "UIInterfaceOrientationPortrait UIInterfaceOrientationLandscapeLeft UIInterfaceOrientationLandscapeRight";
				LD_RUNPATH_SEARCH_PATHS = (
					"$(inherited)",
					"@executable_path/Frameworks",
				);
				MARKETING_VERSION = 1.0;
				PRODUCT_BUNDLE_IDENTIFIER = com.sesac.SeSACWeek1617;
				PRODUCT_NAME = "$(TARGET_NAME)";
				SWIFT_EMIT_LOC_STRINGS = YES;
				SWIFT_VERSION = 5.0;
				TARGETED_DEVICE_FAMILY = "1,2";
			};
			name = Release;
		};
/* End XCBuildConfiguration section */

/* Begin XCConfigurationList section */
		DE93013C28FF7E9000BDC50A /* Build configuration list for PBXProject "SeSACWeek1617" */ = {
			isa = XCConfigurationList;
			buildConfigurations = (
				DE93015328FF7E9200BDC50A /* Debug */,
				DE93015428FF7E9200BDC50A /* Release */,
			);
			defaultConfigurationIsVisible = 0;
			defaultConfigurationName = Release;
		};
		DE93015528FF7E9200BDC50A /* Build configuration list for PBXNativeTarget "SeSACWeek1617" */ = {
			isa = XCConfigurationList;
			buildConfigurations = (
				DE93015628FF7E9200BDC50A /* Debug */,
				DE93015728FF7E9200BDC50A /* Release */,
			);
			defaultConfigurationIsVisible = 0;
			defaultConfigurationName = Release;
		};
/* End XCConfigurationList section */

/* Begin XCRemoteSwiftPackageReference section */
		DE9178B22900F102006CC5AE /* XCRemoteSwiftPackageReference "Alamofire" */ = {
			isa = XCRemoteSwiftPackageReference;
			repositoryURL = "https://github.com/Alamofire/Alamofire.git";
			requirement = {
				kind = upToNextMajorVersion;
				minimumVersion = 5.0.0;
			};
		};
		DE9178B52900F111006CC5AE /* XCRemoteSwiftPackageReference "Kingfisher" */ = {
			isa = XCRemoteSwiftPackageReference;
			repositoryURL = "https://github.com/onevcat/Kingfisher.git";
			requirement = {
				kind = upToNextMajorVersion;
				minimumVersion = 7.0.0;
			};
		};
		DEA2BCF929067F5A00C02179 /* XCRemoteSwiftPackageReference "RxSwift" */ = {
			isa = XCRemoteSwiftPackageReference;
			repositoryURL = "https://github.com/ReactiveX/RxSwift.git";
			requirement = {
				kind = upToNextMajorVersion;
				minimumVersion = 6.0.0;
			};
		};
/* End XCRemoteSwiftPackageReference section */

/* Begin XCSwiftPackageProductDependency section */
		DE9178B32900F102006CC5AE /* Alamofire */ = {
			isa = XCSwiftPackageProductDependency;
			package = DE9178B22900F102006CC5AE /* XCRemoteSwiftPackageReference "Alamofire" */;
			productName = Alamofire;
		};
		DE9178B62900F111006CC5AE /* Kingfisher */ = {
			isa = XCSwiftPackageProductDependency;
			package = DE9178B52900F111006CC5AE /* XCRemoteSwiftPackageReference "Kingfisher" */;
			productName = Kingfisher;
		};
		DEA2BCFA29067F5A00C02179 /* RxCocoa */ = {
			isa = XCSwiftPackageProductDependency;
			package = DEA2BCF929067F5A00C02179 /* XCRemoteSwiftPackageReference "RxSwift" */;
			productName = RxCocoa;
		};
		DEA2BCFC29067F5A00C02179 /* RxSwift */ = {
			isa = XCSwiftPackageProductDependency;
			package = DEA2BCF929067F5A00C02179 /* XCRemoteSwiftPackageReference "RxSwift" */;
			productName = RxSwift;
		};
/* End XCSwiftPackageProductDependency section */
	};
	rootObject = DE93013928FF7E9000BDC50A /* Project object */;
}
